
Microsoft Visual Studio Solution File, Format Version 12.00
# Visual Studio 2010
Project("{FAE04EC0-301F-11D3-BF4B-00C04F79EFBC}") = "Calendar", "ConsoleApplication2\Calendar.csproj", "{48879496-DC17-4FF0-B37D-2DABB9947E2B}"
EndProject
Project("{FAE04EC0-301F-11D3-BF4B-00C04F79EFBC}") = "CalenderTest", "CalenderTest\CalenderTest.csproj", "{23992CD6-4691-421D-A573-CE68E95EEBD5}"
EndProject
Global
	GlobalSection(SolutionConfigurationPlatforms) = preSolution
		Debug|Any CPU = Debug|Any CPU
		Release|Any CPU = Release|Any CPU
	EndGlobalSection
	GlobalSection(ProjectConfigurationPlatforms) = postSolution
		{48879496-DC17-4FF0-B37D-2DABB9947E2B}.Debug|Any CPU.ActiveCfg = Debug|Any CPU
		{48879496-DC17-4FF0-B37D-2DABB9947E2B}.Debug|Any CPU.Build.0 = Debug|Any CPU
		{48879496-DC17-4FF0-B37D-2DABB9947E2B}.Release|Any CPU.ActiveCfg = Release|Any CPU
		{48879496-DC17-4FF0-B37D-2DABB9947E2B}.Release|Any CPU.Build.0 = Release|Any CPU
		{23992CD6-4691-421D-A573-CE68E95EEBD5}.Debug|Any CPU.ActiveCfg = Debug|Any CPU
		{23992CD6-4691-421D-A573-CE68E95EEBD5}.Debug|Any CPU.Build.0 = Debug|Any CPU
		{23992CD6-4691-421D-A573-CE68E95EEBD5}.Release|Any CPU.ActiveCfg = Release|Any CPU
		{23992CD6-4691-421D-A573-CE68E95EEBD5}.Release|Any CPU.Build.0 = Release|Any CPU
	EndGlobalSection
	GlobalSection(SolutionProperties) = preSolution
		HideSolutionNode = FALSE
	EndGlobalSection
EndGlobal
